{
  "object": {
    "pins": [
      {
        "package": "Graphiti",
        "repositoryURL": "https://github.com/GraphQLSwift/Graphiti.git",
        "state": {
          "branch": null,
          "revision": "a23a3d232df202fc158ad2d698926325b470523c",
          "version": "3.0.0"
        }
      },
      {
        "package": "GraphQL",
        "repositoryURL": "https://github.com/GraphQLSwift/GraphQL.git",
        "state": {
          "branch": null,
          "revision": "0fe18bc0bbbc9ab8929c285f419adea7c8fc7da2",
          "version": "4.0.1"
        }
      },
      {
        "package": "swift-collections",
        "repositoryURL": "https://github.com/apple/swift-collections",
        "state": {
          "branch": null,
          "revision": "8c0c0a8b49e080e54e5e328cc552821ff07cd341",
          "version": "1.2.1"
        }
      }
    ]
  },
  "version": 1
}
